
Microsoft Visual Studio Solution File, Format Version 12.00
# Visual Studio Version 17
VisualStudioVersion = 17.0.31903.59
MinimumVisualStudioVersion = 10.0.40219.1
Project("{9A19103F-16F7-4668-BE54-9A1E7A4F7556}") = "ProductCatalog.Domain", "ProductCatalog.Domain\ProductCatalog.Domain.csproj", "{0C8071E1-F5F6-43F5-A0CE-1896E46178A3}"
EndProject
Project("{9A19103F-16F7-4668-BE54-9A1E7A4F7556}") = "ProductCatalog.Application", "ProductCatalog.Application\ProductCatalog.Application.csproj", "{77FD0F96-B045-427B-8B64-1EF3FFC08196}"
EndProject
Project("{2150E333-8FDC-42A3-9474-1A3956D46DE8}") = "Application", "Application", "{07BF3D16-F7F3-40FE-A354-728F17D6E49A}"
EndProject
Project("{2150E333-8FDC-42A3-9474-1A3956D46DE8}") = "Infra", "Infra", "{C12B7CBA-6E7A-4F11-892E-71A52E2DAE1A}"
EndProject
Project("{9A19103F-16F7-4668-BE54-9A1E7A4F7556}") = "ProductCatalog.Domain.Contract", "ProductCatalog.Domain.Contract\ProductCatalog.Domain.Contract.csproj", "{3B7964AC-B744-4CD6-A067-20D6922C5098}"
EndProject
Project("{9A19103F-16F7-4668-BE54-9A1E7A4F7556}") = "ProductCatalog.Persistence", "ProductCatalog.Persistence\ProductCatalog.Persistence.csproj", "{B9A9D92C-3B51-4451-84AA-6DF9F3A94665}"
EndProject
Project("{9A19103F-16F7-4668-BE54-9A1E7A4F7556}") = "ProductCatalog.WebApi", "ProductCatalog.WebApi\ProductCatalog.WebApi.csproj", "{794C4EF6-F15C-4EE9-AD5D-A5259FD6B0FE}"
EndProject
Project("{2150E333-8FDC-42A3-9474-1A3956D46DE8}") = "Framework", "Framework", "{C50BDE31-3EF4-4302-948C-5EC3387460B1}"
EndProject
Project("{9A19103F-16F7-4668-BE54-9A1E7A4F7556}") = "Framework.Domain", "Framework.Domain\Framework.Domain.csproj", "{52E00011-AACE-4247-A138-AA2A9B514651}"
EndProject
Project("{2150E333-8FDC-42A3-9474-1A3956D46DE8}") = "ProductCatalog", "ProductCatalog", "{C3823DFB-FDD1-44B0-82B7-1065953A2F25}"
EndProject
Project("{2150E333-8FDC-42A3-9474-1A3956D46DE8}") = "Write", "Write", "{C6A58A47-BCB5-4642-9F6E-D092E093301F}"
EndProject
Project("{2150E333-8FDC-42A3-9474-1A3956D46DE8}") = "Read", "Read", "{58CC7E12-A741-4C09-8C40-DD46AC601EF5}"
EndProject
Project("{9A19103F-16F7-4668-BE54-9A1E7A4F7556}") = "ProductCatalog.QueryApi", "ProductCatalog.QueryApi\ProductCatalog.QueryApi.csproj", "{616D855B-A767-4C1F-8D9B-A33125F39E5B}"
EndProject
Project("{9A19103F-16F7-4668-BE54-9A1E7A4F7556}") = "Framework.Persistence", "Framework.Persistence\Framework.Persistence.csproj", "{F040397F-6AB4-461A-B048-0404AE99A088}"
EndProject
Project("{9A19103F-16F7-4668-BE54-9A1E7A4F7556}") = "Framework.OutboxPublisher", "Framework.OutboxPublisher\Framework.OutboxPublisher.csproj", "{D6DA8C3C-5366-4F12-A83F-0CE307FC087B}"
EndProject
Project("{9A19103F-16F7-4668-BE54-9A1E7A4F7556}") = "ProductCatalog.OutboxPublisher", "ProductCatalog.OutboxPublisher\ProductCatalog.OutboxPublisher.csproj", "{70130A68-AB96-4B6B-B9F1-560F88182042}"
EndProject
Project("{2150E333-8FDC-42A3-9474-1A3956D46DE8}") = "OrderManagement", "OrderManagement", "{6BD38C1F-39A9-4DEC-B7A5-51A98F37B4BE}"
EndProject
Project("{9A19103F-16F7-4668-BE54-9A1E7A4F7556}") = "OrderManagement.Domain", "OrderManagement.Domain\OrderManagement.Domain.csproj", "{2F55FCF0-B604-4F9F-B4C9-E747ACACADF0}"
EndProject
Project("{9A19103F-16F7-4668-BE54-9A1E7A4F7556}") = "SharedKernel", "SharedKernel\SharedKernel.csproj", "{22292C30-66A9-4A9F-B74B-C2930E792704}"
EndProject
Project("{2150E333-8FDC-42A3-9474-1A3956D46DE8}") = "Application", "Application", "{58869C48-ABFC-4466-BC69-C4FC73286826}"
EndProject
Project("{2150E333-8FDC-42A3-9474-1A3956D46DE8}") = "Infra", "Infra", "{9F4DF699-3F4C-4368-AECC-95FC25923955}"
EndProject
Project("{9A19103F-16F7-4668-BE54-9A1E7A4F7556}") = "OrderManagement.Application", "OrderManagement.Application\OrderManagement.Application.csproj", "{62FD855F-7090-4160-869E-967D5CBA48F9}"
EndProject
Project("{9A19103F-16F7-4668-BE54-9A1E7A4F7556}") = "OrderManagement.Domain.Contract", "OrderManagement.Domain.Contract\OrderManagement.Domain.Contract.csproj", "{A6F9FCCC-4AFB-408F-B77A-1EA412A36013}"
EndProject
Project("{9A19103F-16F7-4668-BE54-9A1E7A4F7556}") = "OrderManagement.Persistence", "OrderManagement.Persistence\OrderManagement.Persistence.csproj", "{3CA6866C-4A70-4D24-8005-A7C4D57BE036}"
EndProject
Project("{9A19103F-16F7-4668-BE54-9A1E7A4F7556}") = "OrderManagement.Api", "ProductManagement.Api\OrderManagement.Api.csproj", "{0D814B16-7209-4FB6-B442-9D03AFE942A6}"
EndProject
Project("{2150E333-8FDC-42A3-9474-1A3956D46DE8}") = "Inventory", "Inventory", "{C1D3F8EC-9761-4170-866D-A06A8E370FAB}"
EndProject
Project("{FAE04EC0-301F-11D3-BF4B-00C04F79EFBC}") = "InentoryManagement.Api", "InentoryManagement.Api\InentoryManagement.Api.csproj", "{8F3904A1-0F07-44C0-B6B2-A7CFF061A51C}"
EndProject
Project("{FAE04EC0-301F-11D3-BF4B-00C04F79EFBC}") = "InventoryManagement.Contract", "InventoryManagement.Contract\InventoryManagement.Contract.csproj", "{76F44FC7-BE6F-446E-BAED-5FB8A83C548D}"
EndProject
Global
	GlobalSection(SolutionConfigurationPlatforms) = preSolution
		Debug|Any CPU = Debug|Any CPU
		Release|Any CPU = Release|Any CPU
	EndGlobalSection
	GlobalSection(ProjectConfigurationPlatforms) = postSolution
		{0C8071E1-F5F6-43F5-A0CE-1896E46178A3}.Debug|Any CPU.ActiveCfg = Debug|Any CPU
		{0C8071E1-F5F6-43F5-A0CE-1896E46178A3}.Debug|Any CPU.Build.0 = Debug|Any CPU
		{0C8071E1-F5F6-43F5-A0CE-1896E46178A3}.Release|Any CPU.ActiveCfg = Release|Any CPU
		{0C8071E1-F5F6-43F5-A0CE-1896E46178A3}.Release|Any CPU.Build.0 = Release|Any CPU
		{77FD0F96-B045-427B-8B64-1EF3FFC08196}.Debug|Any CPU.ActiveCfg = Debug|Any CPU
		{77FD0F96-B045-427B-8B64-1EF3FFC08196}.Debug|Any CPU.Build.0 = Debug|Any CPU
		{77FD0F96-B045-427B-8B64-1EF3FFC08196}.Release|Any CPU.ActiveCfg = Release|Any CPU
		{77FD0F96-B045-427B-8B64-1EF3FFC08196}.Release|Any CPU.Build.0 = Release|Any CPU
		{3B7964AC-B744-4CD6-A067-20D6922C5098}.Debug|Any CPU.ActiveCfg = Debug|Any CPU
		{3B7964AC-B744-4CD6-A067-20D6922C5098}.Debug|Any CPU.Build.0 = Debug|Any CPU
		{3B7964AC-B744-4CD6-A067-20D6922C5098}.Release|Any CPU.ActiveCfg = Release|Any CPU
		{3B7964AC-B744-4CD6-A067-20D6922C5098}.Release|Any CPU.Build.0 = Release|Any CPU
		{B9A9D92C-3B51-4451-84AA-6DF9F3A94665}.Debug|Any CPU.ActiveCfg = Debug|Any CPU
		{B9A9D92C-3B51-4451-84AA-6DF9F3A94665}.Debug|Any CPU.Build.0 = Debug|Any CPU
		{B9A9D92C-3B51-4451-84AA-6DF9F3A94665}.Release|Any CPU.ActiveCfg = Release|Any CPU
		{B9A9D92C-3B51-4451-84AA-6DF9F3A94665}.Release|Any CPU.Build.0 = Release|Any CPU
		{794C4EF6-F15C-4EE9-AD5D-A5259FD6B0FE}.Debug|Any CPU.ActiveCfg = Debug|Any CPU
		{794C4EF6-F15C-4EE9-AD5D-A5259FD6B0FE}.Debug|Any CPU.Build.0 = Debug|Any CPU
		{794C4EF6-F15C-4EE9-AD5D-A5259FD6B0FE}.Release|Any CPU.ActiveCfg = Release|Any CPU
		{794C4EF6-F15C-4EE9-AD5D-A5259FD6B0FE}.Release|Any CPU.Build.0 = Release|Any CPU
		{52E00011-AACE-4247-A138-AA2A9B514651}.Debug|Any CPU.ActiveCfg = Debug|Any CPU
		{52E00011-AACE-4247-A138-AA2A9B514651}.Debug|Any CPU.Build.0 = Debug|Any CPU
		{52E00011-AACE-4247-A138-AA2A9B514651}.Release|Any CPU.ActiveCfg = Release|Any CPU
		{52E00011-AACE-4247-A138-AA2A9B514651}.Release|Any CPU.Build.0 = Release|Any CPU
		{616D855B-A767-4C1F-8D9B-A33125F39E5B}.Debug|Any CPU.ActiveCfg = Debug|Any CPU
		{616D855B-A767-4C1F-8D9B-A33125F39E5B}.Debug|Any CPU.Build.0 = Debug|Any CPU
		{616D855B-A767-4C1F-8D9B-A33125F39E5B}.Release|Any CPU.ActiveCfg = Release|Any CPU
		{616D855B-A767-4C1F-8D9B-A33125F39E5B}.Release|Any CPU.Build.0 = Release|Any CPU
		{F040397F-6AB4-461A-B048-0404AE99A088}.Debug|Any CPU.ActiveCfg = Debug|Any CPU
		{F040397F-6AB4-461A-B048-0404AE99A088}.Debug|Any CPU.Build.0 = Debug|Any CPU
		{F040397F-6AB4-461A-B048-0404AE99A088}.Release|Any CPU.ActiveCfg = Release|Any CPU
		{F040397F-6AB4-461A-B048-0404AE99A088}.Release|Any CPU.Build.0 = Release|Any CPU
		{D6DA8C3C-5366-4F12-A83F-0CE307FC087B}.Debug|Any CPU.ActiveCfg = Debug|Any CPU
		{D6DA8C3C-5366-4F12-A83F-0CE307FC087B}.Debug|Any CPU.Build.0 = Debug|Any CPU
		{D6DA8C3C-5366-4F12-A83F-0CE307FC087B}.Release|Any CPU.ActiveCfg = Release|Any CPU
		{D6DA8C3C-5366-4F12-A83F-0CE307FC087B}.Release|Any CPU.Build.0 = Release|Any CPU
		{70130A68-AB96-4B6B-B9F1-560F88182042}.Debug|Any CPU.ActiveCfg = Debug|Any CPU
		{70130A68-AB96-4B6B-B9F1-560F88182042}.Debug|Any CPU.Build.0 = Debug|Any CPU
		{70130A68-AB96-4B6B-B9F1-560F88182042}.Release|Any CPU.ActiveCfg = Release|Any CPU
		{70130A68-AB96-4B6B-B9F1-560F88182042}.Release|Any CPU.Build.0 = Release|Any CPU
		{2F55FCF0-B604-4F9F-B4C9-E747ACACADF0}.Debug|Any CPU.ActiveCfg = Debug|Any CPU
		{2F55FCF0-B604-4F9F-B4C9-E747ACACADF0}.Debug|Any CPU.Build.0 = Debug|Any CPU
		{2F55FCF0-B604-4F9F-B4C9-E747ACACADF0}.Release|Any CPU.ActiveCfg = Release|Any CPU
		{2F55FCF0-B604-4F9F-B4C9-E747ACACADF0}.Release|Any CPU.Build.0 = Release|Any CPU
		{22292C30-66A9-4A9F-B74B-C2930E792704}.Debug|Any CPU.ActiveCfg = Debug|Any CPU
		{22292C30-66A9-4A9F-B74B-C2930E792704}.Debug|Any CPU.Build.0 = Debug|Any CPU
		{22292C30-66A9-4A9F-B74B-C2930E792704}.Release|Any CPU.ActiveCfg = Release|Any CPU
		{22292C30-66A9-4A9F-B74B-C2930E792704}.Release|Any CPU.Build.0 = Release|Any CPU
		{62FD855F-7090-4160-869E-967D5CBA48F9}.Debug|Any CPU.ActiveCfg = Debug|Any CPU
		{62FD855F-7090-4160-869E-967D5CBA48F9}.Debug|Any CPU.Build.0 = Debug|Any CPU
		{62FD855F-7090-4160-869E-967D5CBA48F9}.Release|Any CPU.ActiveCfg = Release|Any CPU
		{62FD855F-7090-4160-869E-967D5CBA48F9}.Release|Any CPU.Build.0 = Release|Any CPU
		{A6F9FCCC-4AFB-408F-B77A-1EA412A36013}.Debug|Any CPU.ActiveCfg = Debug|Any CPU
		{A6F9FCCC-4AFB-408F-B77A-1EA412A36013}.Debug|Any CPU.Build.0 = Debug|Any CPU
		{A6F9FCCC-4AFB-408F-B77A-1EA412A36013}.Release|Any CPU.ActiveCfg = Release|Any CPU
		{A6F9FCCC-4AFB-408F-B77A-1EA412A36013}.Release|Any CPU.Build.0 = Release|Any CPU
		{3CA6866C-4A70-4D24-8005-A7C4D57BE036}.Debug|Any CPU.ActiveCfg = Debug|Any CPU
		{3CA6866C-4A70-4D24-8005-A7C4D57BE036}.Debug|Any CPU.Build.0 = Debug|Any CPU
		{3CA6866C-4A70-4D24-8005-A7C4D57BE036}.Release|Any CPU.ActiveCfg = Release|Any CPU
		{3CA6866C-4A70-4D24-8005-A7C4D57BE036}.Release|Any CPU.Build.0 = Release|Any CPU
		{0D814B16-7209-4FB6-B442-9D03AFE942A6}.Debug|Any CPU.ActiveCfg = Debug|Any CPU
		{0D814B16-7209-4FB6-B442-9D03AFE942A6}.Debug|Any CPU.Build.0 = Debug|Any CPU
		{0D814B16-7209-4FB6-B442-9D03AFE942A6}.Release|Any CPU.ActiveCfg = Release|Any CPU
		{0D814B16-7209-4FB6-B442-9D03AFE942A6}.Release|Any CPU.Build.0 = Release|Any CPU
		{8F3904A1-0F07-44C0-B6B2-A7CFF061A51C}.Debug|Any CPU.ActiveCfg = Debug|Any CPU
		{8F3904A1-0F07-44C0-B6B2-A7CFF061A51C}.Debug|Any CPU.Build.0 = Debug|Any CPU
		{8F3904A1-0F07-44C0-B6B2-A7CFF061A51C}.Release|Any CPU.ActiveCfg = Release|Any CPU
		{8F3904A1-0F07-44C0-B6B2-A7CFF061A51C}.Release|Any CPU.Build.0 = Release|Any CPU
		{76F44FC7-BE6F-446E-BAED-5FB8A83C548D}.Debug|Any CPU.ActiveCfg = Debug|Any CPU
		{76F44FC7-BE6F-446E-BAED-5FB8A83C548D}.Debug|Any CPU.Build.0 = Debug|Any CPU
		{76F44FC7-BE6F-446E-BAED-5FB8A83C548D}.Release|Any CPU.ActiveCfg = Release|Any CPU
		{76F44FC7-BE6F-446E-BAED-5FB8A83C548D}.Release|Any CPU.Build.0 = Release|Any CPU
	EndGlobalSection
	GlobalSection(SolutionProperties) = preSolution
		HideSolutionNode = FALSE
	EndGlobalSection
	GlobalSection(NestedProjects) = preSolution
		{0C8071E1-F5F6-43F5-A0CE-1896E46178A3} = {07BF3D16-F7F3-40FE-A354-728F17D6E49A}
		{77FD0F96-B045-427B-8B64-1EF3FFC08196} = {07BF3D16-F7F3-40FE-A354-728F17D6E49A}
		{07BF3D16-F7F3-40FE-A354-728F17D6E49A} = {C6A58A47-BCB5-4642-9F6E-D092E093301F}
		{C12B7CBA-6E7A-4F11-892E-71A52E2DAE1A} = {C6A58A47-BCB5-4642-9F6E-D092E093301F}
		{3B7964AC-B744-4CD6-A067-20D6922C5098} = {07BF3D16-F7F3-40FE-A354-728F17D6E49A}
		{B9A9D92C-3B51-4451-84AA-6DF9F3A94665} = {C12B7CBA-6E7A-4F11-892E-71A52E2DAE1A}
		{794C4EF6-F15C-4EE9-AD5D-A5259FD6B0FE} = {C12B7CBA-6E7A-4F11-892E-71A52E2DAE1A}
		{52E00011-AACE-4247-A138-AA2A9B514651} = {C50BDE31-3EF4-4302-948C-5EC3387460B1}
		{C6A58A47-BCB5-4642-9F6E-D092E093301F} = {C3823DFB-FDD1-44B0-82B7-1065953A2F25}
		{58CC7E12-A741-4C09-8C40-DD46AC601EF5} = {C3823DFB-FDD1-44B0-82B7-1065953A2F25}
		{616D855B-A767-4C1F-8D9B-A33125F39E5B} = {58CC7E12-A741-4C09-8C40-DD46AC601EF5}
		{F040397F-6AB4-461A-B048-0404AE99A088} = {C50BDE31-3EF4-4302-948C-5EC3387460B1}
		{D6DA8C3C-5366-4F12-A83F-0CE307FC087B} = {C50BDE31-3EF4-4302-948C-5EC3387460B1}
		{70130A68-AB96-4B6B-B9F1-560F88182042} = {C12B7CBA-6E7A-4F11-892E-71A52E2DAE1A}
		{2F55FCF0-B604-4F9F-B4C9-E747ACACADF0} = {58869C48-ABFC-4466-BC69-C4FC73286826}
		{58869C48-ABFC-4466-BC69-C4FC73286826} = {6BD38C1F-39A9-4DEC-B7A5-51A98F37B4BE}
		{9F4DF699-3F4C-4368-AECC-95FC25923955} = {6BD38C1F-39A9-4DEC-B7A5-51A98F37B4BE}
		{62FD855F-7090-4160-869E-967D5CBA48F9} = {58869C48-ABFC-4466-BC69-C4FC73286826}
		{A6F9FCCC-4AFB-408F-B77A-1EA412A36013} = {58869C48-ABFC-4466-BC69-C4FC73286826}
		{3CA6866C-4A70-4D24-8005-A7C4D57BE036} = {9F4DF699-3F4C-4368-AECC-95FC25923955}
		{0D814B16-7209-4FB6-B442-9D03AFE942A6} = {9F4DF699-3F4C-4368-AECC-95FC25923955}
		{8F3904A1-0F07-44C0-B6B2-A7CFF061A51C} = {C1D3F8EC-9761-4170-866D-A06A8E370FAB}
		{76F44FC7-BE6F-446E-BAED-5FB8A83C548D} = {C1D3F8EC-9761-4170-866D-A06A8E370FAB}
	EndGlobalSection
	GlobalSection(ExtensibilityGlobals) = postSolution
		SolutionGuid = {CD651F5D-60B7-4125-BFF2-32458C2CCBD7}
	EndGlobalSection
EndGlobal
